{
  "name": "SX-L1-004",
  "lockfileVersion": 3,
  "requires": true,
  "packages": {
    "": {
      "dependencies": {
        "pinia-plugin-persistedstate": "^3.2.3"
      }
    },
    "node_modules/pinia-plugin-persistedstate": {
      "version": "3.2.3",
      "resolved": "https://registry.npmjs.org/pinia-plugin-persistedstate/-/pinia-plugin-persistedstate-3.2.3.tgz",
      "integrity": "sha512-Cm819WBj/s5K5DGw55EwbXDtx+EZzM0YR5AZbq9XE3u0xvXwvX2JnWoFpWIcdzISBHqy9H1UiSIUmXyXqWsQRQ==",
      "license": "MIT",
      "peerDependencies": {
        "pinia": "^2.0.0"
      }
    }
  }
}
